
Microsoft Visual Studio Solution File, Format Version 12.00
# Visual Studio Version 16
VisualStudioVersion = 16.0.29519.87
MinimumVisualStudioVersion = 10.0.40219.1
Project("{2150E333-8FDC-42A3-9474-1A3956D46DE8}") = "src", "src", "{6BB39976-3774-4A10-9EAC-B766E98326A3}"
EndProject
Project("{2150E333-8FDC-42A3-9474-1A3956D46DE8}") = "3 - Domain", "3 - Domain", "{7F453A11-E9B6-45EE-A575-F96F81871436}"
EndProject
Project("{2150E333-8FDC-42A3-9474-1A3956D46DE8}") = "4 - Infra", "4 - Infra", "{C4D5CC35-E809-47C3-8356-F718806E810E}"
EndProject
Project("{2150E333-8FDC-42A3-9474-1A3956D46DE8}") = "4.1 - Data", "4.1 - Data", "{B2822DD0-CB8C-4435-A950-BEAC317555C3}"
EndProject
Project("{2150E333-8FDC-42A3-9474-1A3956D46DE8}") = "4.2 - CrossCutting", "4.2 - CrossCutting", "{E82CE32E-C2D0-4AE7-8A2C-13DFB914CCE7}"
EndProject
Project("{2150E333-8FDC-42A3-9474-1A3956D46DE8}") = "2 - Application", "2 - Application", "{EE589501-B0E6-4B49-977A-3B3285BBF768}"
EndProject
Project("{2150E333-8FDC-42A3-9474-1A3956D46DE8}") = "1 - Services", "1 - Services", "{9A564677-4787-423B-A7AA-6400ED9E46B0}"
EndProject
Project("{9A19103F-16F7-4668-BE54-9A1E7A4F7556}") = "SGJT.Services.Api", "src\SGJT.Services.Api\SGJT.Services.Api.csproj", "{F06F6075-A7F2-4281-AE7F-C4D942CF4D48}"
EndProject
Project("{9A19103F-16F7-4668-BE54-9A1E7A4F7556}") = "SGJT.Application", "src\SGJT.Application\SGJT.Application.csproj", "{3EFC77F8-8D32-4BE6-BB70-53013C514B7A}"
EndProject
Project("{9A19103F-16F7-4668-BE54-9A1E7A4F7556}") = "SGJT.Domain", "src\SGJT.Domain\SGJT.Domain.csproj", "{84FACA11-C4B9-47A1-A609-DF1000DB31E1}"
EndProject
Project("{9A19103F-16F7-4668-BE54-9A1E7A4F7556}") = "SGJT.Infra.CrossCutting.IoC", "src\SGJT.Infra.CrossCutting.IoC\SGJT.Infra.CrossCutting.IoC.csproj", "{3B9B8127-D755-4AB0-8CF4-BD9D69ED6EA7}"
EndProject
Project("{9A19103F-16F7-4668-BE54-9A1E7A4F7556}") = "SGJT.Infra.Data", "src\SGJT.Infra.Data\SGJT.Infra.Data.csproj", "{4BF5E9CF-4A21-49BE-BC19-7500CC90A2E1}"
EndProject
Global
	GlobalSection(SolutionConfigurationPlatforms) = preSolution
		Debug|Any CPU = Debug|Any CPU
		Release|Any CPU = Release|Any CPU
	EndGlobalSection
	GlobalSection(ProjectConfigurationPlatforms) = postSolution
		{F06F6075-A7F2-4281-AE7F-C4D942CF4D48}.Debug|Any CPU.ActiveCfg = Debug|Any CPU
		{F06F6075-A7F2-4281-AE7F-C4D942CF4D48}.Debug|Any CPU.Build.0 = Debug|Any CPU
		{F06F6075-A7F2-4281-AE7F-C4D942CF4D48}.Release|Any CPU.ActiveCfg = Release|Any CPU
		{F06F6075-A7F2-4281-AE7F-C4D942CF4D48}.Release|Any CPU.Build.0 = Release|Any CPU
		{3EFC77F8-8D32-4BE6-BB70-53013C514B7A}.Debug|Any CPU.ActiveCfg = Debug|Any CPU
		{3EFC77F8-8D32-4BE6-BB70-53013C514B7A}.Debug|Any CPU.Build.0 = Debug|Any CPU
		{3EFC77F8-8D32-4BE6-BB70-53013C514B7A}.Release|Any CPU.ActiveCfg = Release|Any CPU
		{3EFC77F8-8D32-4BE6-BB70-53013C514B7A}.Release|Any CPU.Build.0 = Release|Any CPU
		{84FACA11-C4B9-47A1-A609-DF1000DB31E1}.Debug|Any CPU.ActiveCfg = Debug|Any CPU
		{84FACA11-C4B9-47A1-A609-DF1000DB31E1}.Debug|Any CPU.Build.0 = Debug|Any CPU
		{84FACA11-C4B9-47A1-A609-DF1000DB31E1}.Release|Any CPU.ActiveCfg = Release|Any CPU
		{84FACA11-C4B9-47A1-A609-DF1000DB31E1}.Release|Any CPU.Build.0 = Release|Any CPU
		{3B9B8127-D755-4AB0-8CF4-BD9D69ED6EA7}.Debug|Any CPU.ActiveCfg = Debug|Any CPU
		{3B9B8127-D755-4AB0-8CF4-BD9D69ED6EA7}.Debug|Any CPU.Build.0 = Debug|Any CPU
		{3B9B8127-D755-4AB0-8CF4-BD9D69ED6EA7}.Release|Any CPU.ActiveCfg = Release|Any CPU
		{3B9B8127-D755-4AB0-8CF4-BD9D69ED6EA7}.Release|Any CPU.Build.0 = Release|Any CPU
		{4BF5E9CF-4A21-49BE-BC19-7500CC90A2E1}.Debug|Any CPU.ActiveCfg = Debug|Any CPU
		{4BF5E9CF-4A21-49BE-BC19-7500CC90A2E1}.Debug|Any CPU.Build.0 = Debug|Any CPU
		{4BF5E9CF-4A21-49BE-BC19-7500CC90A2E1}.Release|Any CPU.ActiveCfg = Release|Any CPU
		{4BF5E9CF-4A21-49BE-BC19-7500CC90A2E1}.Release|Any CPU.Build.0 = Release|Any CPU
	EndGlobalSection
	GlobalSection(SolutionProperties) = preSolution
		HideSolutionNode = FALSE
	EndGlobalSection
	GlobalSection(NestedProjects) = preSolution
		{7F453A11-E9B6-45EE-A575-F96F81871436} = {6BB39976-3774-4A10-9EAC-B766E98326A3}
		{C4D5CC35-E809-47C3-8356-F718806E810E} = {6BB39976-3774-4A10-9EAC-B766E98326A3}
		{B2822DD0-CB8C-4435-A950-BEAC317555C3} = {C4D5CC35-E809-47C3-8356-F718806E810E}
		{E82CE32E-C2D0-4AE7-8A2C-13DFB914CCE7} = {C4D5CC35-E809-47C3-8356-F718806E810E}
		{EE589501-B0E6-4B49-977A-3B3285BBF768} = {6BB39976-3774-4A10-9EAC-B766E98326A3}
		{9A564677-4787-423B-A7AA-6400ED9E46B0} = {6BB39976-3774-4A10-9EAC-B766E98326A3}
		{F06F6075-A7F2-4281-AE7F-C4D942CF4D48} = {9A564677-4787-423B-A7AA-6400ED9E46B0}
		{3EFC77F8-8D32-4BE6-BB70-53013C514B7A} = {EE589501-B0E6-4B49-977A-3B3285BBF768}
		{84FACA11-C4B9-47A1-A609-DF1000DB31E1} = {7F453A11-E9B6-45EE-A575-F96F81871436}
		{3B9B8127-D755-4AB0-8CF4-BD9D69ED6EA7} = {E82CE32E-C2D0-4AE7-8A2C-13DFB914CCE7}
		{4BF5E9CF-4A21-49BE-BC19-7500CC90A2E1} = {B2822DD0-CB8C-4435-A950-BEAC317555C3}
	EndGlobalSection
	GlobalSection(ExtensibilityGlobals) = postSolution
		SolutionGuid = {99C0914D-4B11-4E3F-8F42-474587E27580}
	EndGlobalSection
EndGlobal
